
Microsoft Visual Studio Solution File, Format Version 12.00
# Visual Studio 15
VisualStudioVersion = 15.0.27428.2037
MinimumVisualStudioVersion = 10.0.40219.1
Project("{FAE04EC0-301F-11D3-BF4B-00C04F79EFBC}") = "ConsoleApp2", "ConsoleApp2\ConsoleApp2.csproj", "{08B091EE-E18A-496C-AA41-F84BC75DD362}"
EndProject
Global
	GlobalSection(SolutionConfigurationPlatforms) = preSolution
		Debug|Any CPU = Debug|Any CPU
		Release|Any CPU = Release|Any CPU
	EndGlobalSection
	GlobalSection(ProjectConfigurationPlatforms) = postSolution
		{08B091EE-E18A-496C-AA41-F84BC75DD362}.Debug|Any CPU.ActiveCfg = Debug|Any CPU
		{08B091EE-E18A-496C-AA41-F84BC75DD362}.Debug|Any CPU.Build.0 = Debug|Any CPU
		{08B091EE-E18A-496C-AA41-F84BC75DD362}.Release|Any CPU.ActiveCfg = Release|Any CPU
		{08B091EE-E18A-496C-AA41-F84BC75DD362}.Release|Any CPU.Build.0 = Release|Any CPU
	EndGlobalSection
	GlobalSection(SolutionProperties) = preSolution
		HideSolutionNode = FALSE
	EndGlobalSection
	GlobalSection(ExtensibilityGlobals) = postSolution
		SolutionGuid = {EB4AD5AB-188B-475E-9CC5-AD754D853F32}
	EndGlobalSection
EndGlobal
