
Microsoft Visual Studio Solution File, Format Version 12.00
# Visual Studio 15
VisualStudioVersion = 15.0.27428.2037
MinimumVisualStudioVersion = 10.0.40219.1
Project("{FAE04EC0-301F-11D3-BF4B-00C04F79EFBC}") = "LabaEgory6", "LabaEgory6\LabaEgory6.csproj", "{A22F47A2-9CB7-4686-9A1B-5F61941FA8D9}"
EndProject
Global
	GlobalSection(SolutionConfigurationPlatforms) = preSolution
		Debug|Any CPU = Debug|Any CPU
		Release|Any CPU = Release|Any CPU
	EndGlobalSection
	GlobalSection(ProjectConfigurationPlatforms) = postSolution
		{A22F47A2-9CB7-4686-9A1B-5F61941FA8D9}.Debug|Any CPU.ActiveCfg = Debug|Any CPU
		{A22F47A2-9CB7-4686-9A1B-5F61941FA8D9}.Debug|Any CPU.Build.0 = Debug|Any CPU
		{A22F47A2-9CB7-4686-9A1B-5F61941FA8D9}.Release|Any CPU.ActiveCfg = Release|Any CPU
		{A22F47A2-9CB7-4686-9A1B-5F61941FA8D9}.Release|Any CPU.Build.0 = Release|Any CPU
	EndGlobalSection
	GlobalSection(SolutionProperties) = preSolution
		HideSolutionNode = FALSE
	EndGlobalSection
	GlobalSection(ExtensibilityGlobals) = postSolution
		SolutionGuid = {ACB3D422-D046-46B9-88C4-4F2750790CA3}
	EndGlobalSection
EndGlobal
